// !$*UTF8*$!
{
	archiveVersion = 1;
	classes = {
	};
	objectVersion = 48;
	objects = {

/* Begin PBXBuildFile section */
		80C4EF7B1F42116900975177 /* AppDelegate.swift in Sources */ = {isa = PBXBuildFile; fileRef = 80C4EF7A1F42116900975177 /* AppDelegate.swift */; };
		80C4EF7D1F42116900975177 /* CategoriesVC.swift in Sources */ = {isa = PBXBuildFile; fileRef = 80C4EF7C1F42116900975177 /* CategoriesVC.swift */; };
		80C4EF801F42116900975177 /* Main.storyboard in Resources */ = {isa = PBXBuildFile; fileRef = 80C4EF7E1F42116900975177 /* Main.storyboard */; };
		80C4EF821F42116900975177 /* Assets.xcassets in Resources */ = {isa = PBXBuildFile; fileRef = 80C4EF811F42116900975177 /* Assets.xcassets */; };
		80C4EF851F42116900975177 /* LaunchScreen.storyboard in Resources */ = {isa = PBXBuildFile; fileRef = 80C4EF831F42116900975177 /* LaunchScreen.storyboard */; };
		80C4EF901F4215A600975177 /* CategoryCell.swift in Sources */ = {isa = PBXBuildFile; fileRef = 80C4EF8F1F4215A600975177 /* CategoryCell.swift */; };
		80C4EF921F423DAB00975177 /* Category.swift in Sources */ = {isa = PBXBuildFile; fileRef = 80C4EF911F423DAB00975177 /* Category.swift */; };
		80C4EF951F423EF200975177 /* DataService.swift in Sources */ = {isa = PBXBuildFile; fileRef = 80C4EF941F423EF200975177 /* DataService.swift */; };
		80C4EF971F42597200975177 /* ProductCell.swift in Sources */ = {isa = PBXBuildFile; fileRef = 80C4EF961F42597200975177 /* ProductCell.swift */; };
		80C4EF991F425A2100975177 /* Product.swift in Sources */ = {isa = PBXBuildFile; fileRef = 80C4EF981F425A2100975177 /* Product.swift */; };
		80C4EF9B1F425E1800975177 /* ProductVC.swift in Sources */ = {isa = PBXBuildFile; fileRef = 80C4EF9A1F425E1800975177 /* ProductVC.swift */; };
/* End PBXBuildFile section */

/* Begin PBXFileReference section */
		80C4EF771F42116900975177 /* coder-swag.app */ = {isa = PBXFileReference; explicitFileType = wrapper.application; includeInIndex = 0; path = "coder-swag.app"; sourceTree = BUILT_PRODUCTS_DIR; };
		80C4EF7A1F42116900975177 /* AppDelegate.swift */ = {isa = PBXFileReference; lastKnownFileType = sourcecode.swift; path = AppDelegate.swift; sourceTree = "<group>"; };
		80C4EF7C1F42116900975177 /* CategoriesVC.swift */ = {isa = PBXFileReference; lastKnownFileType = sourcecode.swift; path = CategoriesVC.swift; sourceTree = "<group>"; };
		80C4EF7F1F42116900975177 /* Base */ = {isa = PBXFileReference; lastKnownFileType = file.storyboard; name = Base; path = Base.lproj/Main.storyboard; sourceTree = "<group>"; };
		80C4EF811F42116900975177 /* Assets.xcassets */ = {isa = PBXFileReference; lastKnownFileType = folder.assetcatalog; path = Assets.xcassets; sourceTree = "<group>"; };
		80C4EF841F42116900975177 /* Base */ = {isa = PBXFileReference; lastKnownFileType = file.storyboard; name = Base; path = Base.lproj/LaunchScreen.storyboard; sourceTree = "<group>"; };
		80C4EF861F42116900975177 /* Info.plist */ = {isa = PBXFileReference; lastKnownFileType = text.plist.xml; path = Info.plist; sourceTree = "<group>"; };
		80C4EF8F1F4215A600975177 /* CategoryCell.swift */ = {isa = PBXFileReference; lastKnownFileType = sourcecode.swift; path = CategoryCell.swift; sourceTree = "<group>"; };
		80C4EF911F423DAB00975177 /* Category.swift */ = {isa = PBXFileReference; lastKnownFileType = sourcecode.swift; path = Category.swift; sourceTree = "<group>"; };
		80C4EF941F423EF200975177 /* DataService.swift */ = {isa = PBXFileReference; lastKnownFileType = sourcecode.swift; path = DataService.swift; sourceTree = "<group>"; };
		80C4EF961F42597200975177 /* ProductCell.swift */ = {isa = PBXFileReference; lastKnownFileType = sourcecode.swift; path = ProductCell.swift; sourceTree = "<group>"; };
		80C4EF981F425A2100975177 /* Product.swift */ = {isa = PBXFileReference; lastKnownFileType = sourcecode.swift; path = Product.swift; sourceTree = "<group>"; };
		80C4EF9A1F425E1800975177 /* ProductVC.swift */ = {isa = PBXFileReference; lastKnownFileType = sourcecode.swift; path = ProductVC.swift; sourceTree = "<group>"; };
/* End PBXFileReference section */

/* Begin PBXFrameworksBuildPhase section */
		80C4EF741F42116900975177 /* Frameworks */ = {
			isa = PBXFrameworksBuildPhase;
			buildActionMask = 2147483647;
			files = (
			);
			runOnlyForDeploymentPostprocessing = 0;
		};
/* End PBXFrameworksBuildPhase section */

/* Begin PBXGroup section */
		80C4EF6E1F42116900975177 = {
			isa = PBXGroup;
			children = (
				80C4EF791F42116900975177 /* coder-swag */,
				80C4EF781F42116900975177 /* Products */,
			);
			sourceTree = "<group>";
		};
		80C4EF781F42116900975177 /* Products */ = {
			isa = PBXGroup;
			children = (
				80C4EF771F42116900975177 /* coder-swag.app */,
			);
			name = Products;
			sourceTree = "<group>";
		};
		80C4EF791F42116900975177 /* coder-swag */ = {
			isa = PBXGroup;
			children = (
				80C4EF931F423ED400975177 /* Services */,
				80C4EF8E1F42154000975177 /* View */,
				80C4EF8D1F42153600975177 /* Model */,
				80C4EF8C1F42152800975177 /* Controller */,
				80C4EF7A1F42116900975177 /* AppDelegate.swift */,
				80C4EF7E1F42116900975177 /* Main.storyboard */,
				80C4EF811F42116900975177 /* Assets.xcassets */,
				80C4EF831F42116900975177 /* LaunchScreen.storyboard */,
				80C4EF861F42116900975177 /* Info.plist */,
			);
			path = "coder-swag";
			sourceTree = "<group>";
		};
		80C4EF8C1F42152800975177 /* Controller */ = {
			isa = PBXGroup;
			children = (
				80C4EF7C1F42116900975177 /* CategoriesVC.swift */,
				80C4EF9A1F425E1800975177 /* ProductVC.swift */,
			);
			path = Controller;
			sourceTree = "<group>";
		};
		80C4EF8D1F42153600975177 /* Model */ = {
			isa = PBXGroup;
			children = (
				80C4EF911F423DAB00975177 /* Category.swift */,
				80C4EF981F425A2100975177 /* Product.swift */,
			);
			path = Model;
			sourceTree = "<group>";
		};
		80C4EF8E1F42154000975177 /* View */ = {
			isa = PBXGroup;
			children = (
				80C4EF8F1F4215A600975177 /* CategoryCell.swift */,
				80C4EF961F42597200975177 /* ProductCell.swift */,
			);
			path = View;
			sourceTree = "<group>";
		};
		80C4EF931F423ED400975177 /* Services */ = {
			isa = PBXGroup;
			children = (
				80C4EF941F423EF200975177 /* DataService.swift */,
			);
			path = Services;
			sourceTree = "<group>";
		};
/* End PBXGroup section */

/* Begin PBXNativeTarget section */
		80C4EF761F42116900975177 /* coder-swag */ = {
			isa = PBXNativeTarget;
			buildConfigurationList = 80C4EF891F42116900975177 /* Build configuration list for PBXNativeTarget "coder-swag" */;
			buildPhases = (
				80C4EF731F42116900975177 /* Sources */,
				80C4EF741F42116900975177 /* Frameworks */,
				80C4EF751F42116900975177 /* Resources */,
			);
			buildRules = (
			);
			dependencies = (
			);
			name = "coder-swag";
			productName = "coder-swag";
			productReference = 80C4EF771F42116900975177 /* coder-swag.app */;
			productType = "com.apple.product-type.application";
		};
/* End PBXNativeTarget section */

/* Begin PBXProject section */
		80C4EF6F1F42116900975177 /* Project object */ = {
			isa = PBXProject;
			attributes = {
				LastSwiftUpdateCheck = 0900;
				LastUpgradeCheck = 0900;
				ORGANIZATIONNAME = "Bartłomiej Moniak";
				TargetAttributes = {
					80C4EF761F42116900975177 = {
						CreatedOnToolsVersion = 9.0;
					};
				};
			};
			buildConfigurationList = 80C4EF721F42116900975177 /* Build configuration list for PBXProject "coder-swag" */;
			compatibilityVersion = "Xcode 8.0";
			developmentRegion = en;
			hasScannedForEncodings = 0;
			knownRegions = (
				en,
				Base,
			);
			mainGroup = 80C4EF6E1F42116900975177;
			productRefGroup = 80C4EF781F42116900975177 /* Products */;
			projectDirPath = "";
			projectRoot = "";
			targets = (
				80C4EF761F42116900975177 /* coder-swag */,
			);
		};
/* End PBXProject section */

/* Begin PBXResourcesBuildPhase section */
		80C4EF751F42116900975177 /* Resources */ = {
			isa = PBXResourcesBuildPhase;
			buildActionMask = 2147483647;
			files = (
				80C4EF851F42116900975177 /* LaunchScreen.storyboard in Resources */,
				80C4EF821F42116900975177 /* Assets.xcassets in Resources */,
				80C4EF801F42116900975177 /* Main.storyboard in Resources */,
			);
			runOnlyForDeploymentPostprocessing = 0;
		};
/* End PBXResourcesBuildPhase section */

/* Begin PBXSourcesBuildPhase section */
		80C4EF731F42116900975177 /* Sources */ = {
			isa = PBXSourcesBuildPhase;
			buildActionMask = 2147483647;
			files = (
				80C4EF7D1F42116900975177 /* CategoriesVC.swift in Sources */,
				80C4EF921F423DAB00975177 /* Category.swift in Sources */,
				80C4EF7B1F42116900975177 /* AppDelegate.swift in Sources */,
				80C4EF971F42597200975177 /* ProductCell.swift in Sources */,
				80C4EF9B1F425E1800975177 /* ProductVC.swift in Sources */,
				80C4EF901F4215A600975177 /* CategoryCell.swift in Sources */,
				80C4EF951F423EF200975177 /* DataService.swift in Sources */,
				80C4EF991F425A2100975177 /* Product.swift in Sources */,
			);
			runOnlyForDeploymentPostprocessing = 0;
		};
/* End PBXSourcesBuildPhase section */

/* Begin PBXVariantGroup section */
		80C4EF7E1F42116900975177 /* Main.storyboard */ = {
			isa = PBXVariantGroup;
			children = (
				80C4EF7F1F42116900975177 /* Base */,
			);
			name = Main.storyboard;
			sourceTree = "<group>";
		};
		80C4EF831F42116900975177 /* LaunchScreen.storyboard */ = {
			isa = PBXVariantGroup;
			children = (
				80C4EF841F42116900975177 /* Base */,
			);
			name = LaunchScreen.storyboard;
			sourceTree = "<group>";
		};
/* End PBXVariantGroup section */

/* Begin XCBuildConfiguration section */
		80C4EF871F42116900975177 /* Debug */ = {
			isa = XCBuildConfiguration;
			buildSettings = {
				ALWAYS_SEARCH_USER_PATHS = NO;
				CLANG_ANALYZER_NONNULL = YES;
				CLANG_ANALYZER_NUMBER_OBJECT_CONVERSION = YES_AGGRESSIVE;
				CLANG_CXX_LANGUAGE_STANDARD = "gnu++14";
				CLANG_CXX_LIBRARY = "libc++";
				CLANG_ENABLE_MODULES = YES;
				CLANG_ENABLE_OBJC_ARC = YES;
				CLANG_WARN_BLOCK_CAPTURE_AUTORELEASING = YES;
				CLANG_WARN_BOOL_CONVERSION = YES;
				CLANG_WARN_COMMA = YES;
				CLANG_WARN_CONSTANT_CONVERSION = YES;
				CLANG_WARN_DIRECT_OBJC_ISA_USAGE = YES_ERROR;
				CLANG_WARN_DOCUMENTATION_COMMENTS = YES;
				CLANG_WARN_EMPTY_BODY = YES;
				CLANG_WARN_ENUM_CONVERSION = YES;
				CLANG_WARN_INFINITE_RECURSION = YES;
				CLANG_WARN_INT_CONVERSION = YES;
				CLANG_WARN_NON_LITERAL_NULL_CONVERSION = YES;
				CLANG_WARN_OBJC_LITERAL_CONVERSION = YES;
				CLANG_WARN_OBJC_ROOT_CLASS = YES_ERROR;
				CLANG_WARN_RANGE_LOOP_ANALYSIS = YES;
				CLANG_WARN_STRICT_PROTOTYPES = YES;
				CLANG_WARN_SUSPICIOUS_MOVE = YES;
				CLANG_WARN_UNGUARDED_AVAILABILITY = YES_AGGRESSIVE;
				CLANG_WARN_UNREACHABLE_CODE = YES;
				CLANG_WARN__DUPLICATE_METHOD_MATCH = YES;
				CODE_SIGN_IDENTITY = "iPhone Developer";
				COPY_PHASE_STRIP = NO;
				DEBUG_INFORMATION_FORMAT = dwarf;
				ENABLE_STRICT_OBJC_MSGSEND = YES;
				ENABLE_TESTABILITY = YES;
				GCC_C_LANGUAGE_STANDARD = gnu11;
				GCC_DYNAMIC_NO_PIC = NO;
				GCC_NO_COMMON_BLOCKS = YES;
				GCC_OPTIMIZATION_LEVEL = 0;
				GCC_PREPROCESSOR_DEFINITIONS = (
					"DEBUG=1",
					"$(inherited)",
				);
				GCC_WARN_64_TO_32_BIT_CONVERSION = YES;
				GCC_WARN_ABOUT_RETURN_TYPE = YES_ERROR;
				GCC_WARN_UNDECLARED_SELECTOR = YES;
				GCC_WARN_UNINITIALIZED_AUTOS = YES_AGGRESSIVE;
				GCC_WARN_UNUSED_FUNCTION = YES;
				GCC_WARN_UNUSED_VARIABLE = YES;
				IPHONEOS_DEPLOYMENT_TARGET = 11.0;
				MTL_ENABLE_DEBUG_INFO = YES;
				ONLY_ACTIVE_ARCH = YES;
				SDKROOT = iphoneos;
				SWIFT_ACTIVE_COMPILATION_CONDITIONS = DEBUG;
				SWIFT_OPTIMIZATION_LEVEL = "-Onone";
			};
			name = Debug;
		};
		80C4EF881F42116900975177 /* Release */ = {
			isa = XCBuildConfiguration;
			buildSettings = {
				ALWAYS_SEARCH_USER_PATHS = NO;
				CLANG_ANALYZER_NONNULL = YES;
				CLANG_ANALYZER_NUMBER_OBJECT_CONVERSION = YES_AGGRESSIVE;
				CLANG_CXX_LANGUAGE_STANDARD = "gnu++14";
				CLANG_CXX_LIBRARY = "libc++";
				CLANG_ENABLE_MODULES = YES;
				CLANG_ENABLE_OBJC_ARC = YES;
				CLANG_WARN_BLOCK_CAPTURE_AUTORELEASING = YES;
				CLANG_WARN_BOOL_CONVERSION = YES;
				CLANG_WARN_COMMA = YES;
				CLANG_WARN_CONSTANT_CONVERSION = YES;
				CLANG_WARN_DIRECT_OBJC_ISA_USAGE = YES_ERROR;
				CLANG_WARN_DOCUMENTATION_COMMENTS = YES;
				CLANG_WARN_EMPTY_BODY = YES;
				CLANG_WARN_ENUM_CONVERSION = YES;
				CLANG_WARN_INFINITE_RECURSION = YES;
				CLANG_WARN_INT_CONVERSION = YES;
				CLANG_WARN_NON_LITERAL_NULL_CONVERSION = YES;
				CLANG_WARN_OBJC_LITERAL_CONVERSION = YES;
				CLANG_WARN_OBJC_ROOT_CLASS = YES_ERROR;
				CLANG_WARN_RANGE_LOOP_ANALYSIS = YES;
				CLANG_WARN_STRICT_PROTOTYPES = YES;
				CLANG_WARN_SUSPICIOUS_MOVE = YES;
				CLANG_WARN_UNGUARDED_AVAILABILITY = YES_AGGRESSIVE;
				CLANG_WARN_UNREACHABLE_CODE = YES;
				CLANG_WARN__DUPLICATE_METHOD_MATCH = YES;
				CODE_SIGN_IDENTITY = "iPhone Developer";
				COPY_PHASE_STRIP = NO;
				DEBUG_INFORMATION_FORMAT = "dwarf-with-dsym";
				ENABLE_NS_ASSERTIONS = NO;
				ENABLE_STRICT_OBJC_MSGSEND = YES;
				GCC_C_LANGUAGE_STANDARD = gnu11;
				GCC_NO_COMMON_BLOCKS = YES;
				GCC_WARN_64_TO_32_BIT_CONVERSION = YES;
				GCC_WARN_ABOUT_RETURN_TYPE = YES_ERROR;
				GCC_WARN_UNDECLARED_SELECTOR = YES;
				GCC_WARN_UNINITIALIZED_AUTOS = YES_AGGRESSIVE;
				GCC_WARN_UNUSED_FUNCTION = YES;
				GCC_WARN_UNUSED_VARIABLE = YES;
				IPHONEOS_DEPLOYMENT_TARGET = 11.0;
				MTL_ENABLE_DEBUG_INFO = NO;
				SDKROOT = iphoneos;
				SWIFT_OPTIMIZATION_LEVEL = "-Owholemodule";
				VALIDATE_PRODUCT = YES;
			};
			name = Release;
		};
		80C4EF8A1F42116900975177 /* Debug */ = {
			isa = XCBuildConfiguration;
			buildSettings = {
				ASSETCATALOG_COMPILER_APPICON_NAME = AppIcon;
				INFOPLIST_FILE = "coder-swag/Info.plist";
				LD_RUNPATH_SEARCH_PATHS = "$(inherited) @executable_path/Frameworks";
				PRODUCT_BUNDLE_IDENTIFIER = "me.moniak.coder-swag";
				PRODUCT_NAME = "$(TARGET_NAME)";
				SWIFT_VERSION = 4.0;
				TARGETED_DEVICE_FAMILY = "1,2";
			};
			name = Debug;
		};
		80C4EF8B1F42116900975177 /* Release */ = {
			isa = XCBuildConfiguration;
			buildSettings = {
				ASSETCATALOG_COMPILER_APPICON_NAME = AppIcon;
				INFOPLIST_FILE = "coder-swag/Info.plist";
				LD_RUNPATH_SEARCH_PATHS = "$(inherited) @executable_path/Frameworks";
				PRODUCT_BUNDLE_IDENTIFIER = "me.moniak.coder-swag";
				PRODUCT_NAME = "$(TARGET_NAME)";
				SWIFT_VERSION = 4.0;
				TARGETED_DEVICE_FAMILY = "1,2";
			};
			name = Release;
		};
/* End XCBuildConfiguration section */

/* Begin XCConfigurationList section */
		80C4EF721F42116900975177 /* Build configuration list for PBXProject "coder-swag" */ = {
			isa = XCConfigurationList;
			buildConfigurations = (
				80C4EF871F42116900975177 /* Debug */,
				80C4EF881F42116900975177 /* Release */,
			);
			defaultConfigurationIsVisible = 0;
			defaultConfigurationName = Release;
		};
		80C4EF891F42116900975177 /* Build configuration list for PBXNativeTarget "coder-swag" */ = {
			isa = XCConfigurationList;
			buildConfigurations = (
				80C4EF8A1F42116900975177 /* Debug */,
				80C4EF8B1F42116900975177 /* Release */,
			);
			defaultConfigurationIsVisible = 0;
			defaultConfigurationName = Release;
		};
/* End XCConfigurationList section */
	};
	rootObject = 80C4EF6F1F42116900975177 /* Project object */;
}
